
Microsoft Visual Studio Solution File, Format Version 12.00
# Visual Studio Version 17
VisualStudioVersion = 17.12.35521.163
MinimumVisualStudioVersion = 10.0.40219.1
Project("{2150E333-8FDC-42A3-9474-1A3956D46DE8}") = "Cores", "Cores", "{6782FDC2-2418-4678-A105-5528E51C1C7C}"
EndProject
Project("{2150E333-8FDC-42A3-9474-1A3956D46DE8}") = "Services", "Services", "{5C085C7A-729E-44F4-B344-C8870A081D34}"
EndProject
Project("{FAE04EC0-301F-11D3-BF4B-00C04F79EFBC}") = "Core.DI", "Cores\Core.DI\Core.DI.csproj", "{01218195-C6B4-4DF3-95AA-3E38E887C1A1}"
EndProject
Project("{FAE04EC0-301F-11D3-BF4B-00C04F79EFBC}") = "Core.Caching", "Cores\Core.Caching\Core.Caching.csproj", "{D34A65A5-D911-448E-A7AF-7B26F97C7BB5}"
EndProject
Project("{FAE04EC0-301F-11D3-BF4B-00C04F79EFBC}") = "Core.Domain", "Cores\Core.Domain\Core.Domain.csproj", "{479D2124-3391-4E97-996E-FA4A190BFB81}"
EndProject
Project("{FAE04EC0-301F-11D3-BF4B-00C04F79EFBC}") = "Core.MessageBus", "Cores\Core.MessageBus\Core.MessageBus.csproj", "{F7E0BC04-95BE-4BB7-BC54-BAC0089721D3}"
EndProject
Project("{2150E333-8FDC-42A3-9474-1A3956D46DE8}") = "ApiGateways", "ApiGateways", "{BB320529-C9C1-4045-BCA4-4ABC77475EAE}"
EndProject
Project("{2150E333-8FDC-42A3-9474-1A3956D46DE8}") = "Identity", "Identity", "{F91EE796-DE5A-4195-9882-BF7ACA724499}"
EndProject
Project("{FAE04EC0-301F-11D3-BF4B-00C04F79EFBC}") = "Identity.API", "Services\Identity\Identity.API\Identity.API.csproj", "{12D78A70-21CD-4B26-81C9-C2DFF23A21C0}"
EndProject
Project("{FAE04EC0-301F-11D3-BF4B-00C04F79EFBC}") = "Identity.Application", "Services\Identity\Identity.Application\Identity.Application.csproj", "{00E07035-ACAC-46C4-91BE-A1A0F93F2BCF}"
EndProject
Project("{FAE04EC0-301F-11D3-BF4B-00C04F79EFBC}") = "Identity.Domain", "Services\Identity\Identity.Domain\Identity.Domain.csproj", "{39367131-29C5-4A1D-945D-ADCCF149C603}"
EndProject
Project("{FAE04EC0-301F-11D3-BF4B-00C04F79EFBC}") = "Identity.Infrastructure", "Services\Identity\Identity.Infrastructure\Identity.Infrastructure.csproj", "{8161B5B7-67B7-4F2D-843A-DA6159210F5D}"
EndProject
Project("{2150E333-8FDC-42A3-9474-1A3956D46DE8}") = "Learning", "Learning", "{0A5C852C-9BEB-402B-9F41-26331563758A}"
EndProject
Project("{FAE04EC0-301F-11D3-BF4B-00C04F79EFBC}") = "Learning.API", "Services\Learning\Learning.API\Learning.API.csproj", "{E2016D77-D016-4077-A7B1-F32FEFA6DD65}"
EndProject
Project("{FAE04EC0-301F-11D3-BF4B-00C04F79EFBC}") = "Learning.Application", "Services\Learning\Learning.Application\Learning.Application.csproj", "{A57929E9-3FD7-485D-BE0E-A03A63FF4152}"
EndProject
Project("{FAE04EC0-301F-11D3-BF4B-00C04F79EFBC}") = "Learning.Domain", "Services\Learning\Learning.Domain\Learning.Domain.csproj", "{55FED511-5D67-451C-A530-11DDC337E413}"
EndProject
Project("{FAE04EC0-301F-11D3-BF4B-00C04F79EFBC}") = "Learning.Infrastructure", "Services\Learning\Learning.Infrastructure\Learning.Infrastructure.csproj", "{57B08B97-FBCA-4D9F-ABF0-C8EF1F5151FD}"
EndProject
Project("{FAE04EC0-301F-11D3-BF4B-00C04F79EFBC}") = "Core", "Cores\Core\Core.csproj", "{1C7F2D32-BDF9-4093-BD29-B3FBAB43976A}"
EndProject
Project("{FAE04EC0-301F-11D3-BF4B-00C04F79EFBC}") = "Core.Persistence", "Core.Persistence\Core.Persistence.csproj", "{79A95516-91BA-4788-BB09-1F144B31A6D2}"
EndProject
Global
	GlobalSection(SolutionConfigurationPlatforms) = preSolution
		Debug|Any CPU = Debug|Any CPU
		Release|Any CPU = Release|Any CPU
	EndGlobalSection
	GlobalSection(ProjectConfigurationPlatforms) = postSolution
		{01218195-C6B4-4DF3-95AA-3E38E887C1A1}.Debug|Any CPU.ActiveCfg = Debug|Any CPU
		{01218195-C6B4-4DF3-95AA-3E38E887C1A1}.Debug|Any CPU.Build.0 = Debug|Any CPU
		{01218195-C6B4-4DF3-95AA-3E38E887C1A1}.Release|Any CPU.ActiveCfg = Release|Any CPU
		{01218195-C6B4-4DF3-95AA-3E38E887C1A1}.Release|Any CPU.Build.0 = Release|Any CPU
		{D34A65A5-D911-448E-A7AF-7B26F97C7BB5}.Debug|Any CPU.ActiveCfg = Debug|Any CPU
		{D34A65A5-D911-448E-A7AF-7B26F97C7BB5}.Debug|Any CPU.Build.0 = Debug|Any CPU
		{D34A65A5-D911-448E-A7AF-7B26F97C7BB5}.Release|Any CPU.ActiveCfg = Release|Any CPU
		{D34A65A5-D911-448E-A7AF-7B26F97C7BB5}.Release|Any CPU.Build.0 = Release|Any CPU
		{479D2124-3391-4E97-996E-FA4A190BFB81}.Debug|Any CPU.ActiveCfg = Debug|Any CPU
		{479D2124-3391-4E97-996E-FA4A190BFB81}.Debug|Any CPU.Build.0 = Debug|Any CPU
		{479D2124-3391-4E97-996E-FA4A190BFB81}.Release|Any CPU.ActiveCfg = Release|Any CPU
		{479D2124-3391-4E97-996E-FA4A190BFB81}.Release|Any CPU.Build.0 = Release|Any CPU
		{F7E0BC04-95BE-4BB7-BC54-BAC0089721D3}.Debug|Any CPU.ActiveCfg = Debug|Any CPU
		{F7E0BC04-95BE-4BB7-BC54-BAC0089721D3}.Debug|Any CPU.Build.0 = Debug|Any CPU
		{F7E0BC04-95BE-4BB7-BC54-BAC0089721D3}.Release|Any CPU.ActiveCfg = Release|Any CPU
		{F7E0BC04-95BE-4BB7-BC54-BAC0089721D3}.Release|Any CPU.Build.0 = Release|Any CPU
		{12D78A70-21CD-4B26-81C9-C2DFF23A21C0}.Debug|Any CPU.ActiveCfg = Debug|Any CPU
		{12D78A70-21CD-4B26-81C9-C2DFF23A21C0}.Debug|Any CPU.Build.0 = Debug|Any CPU
		{12D78A70-21CD-4B26-81C9-C2DFF23A21C0}.Release|Any CPU.ActiveCfg = Release|Any CPU
		{12D78A70-21CD-4B26-81C9-C2DFF23A21C0}.Release|Any CPU.Build.0 = Release|Any CPU
		{00E07035-ACAC-46C4-91BE-A1A0F93F2BCF}.Debug|Any CPU.ActiveCfg = Debug|Any CPU
		{00E07035-ACAC-46C4-91BE-A1A0F93F2BCF}.Debug|Any CPU.Build.0 = Debug|Any CPU
		{00E07035-ACAC-46C4-91BE-A1A0F93F2BCF}.Release|Any CPU.ActiveCfg = Release|Any CPU
		{00E07035-ACAC-46C4-91BE-A1A0F93F2BCF}.Release|Any CPU.Build.0 = Release|Any CPU
		{39367131-29C5-4A1D-945D-ADCCF149C603}.Debug|Any CPU.ActiveCfg = Debug|Any CPU
		{39367131-29C5-4A1D-945D-ADCCF149C603}.Debug|Any CPU.Build.0 = Debug|Any CPU
		{39367131-29C5-4A1D-945D-ADCCF149C603}.Release|Any CPU.ActiveCfg = Release|Any CPU
		{39367131-29C5-4A1D-945D-ADCCF149C603}.Release|Any CPU.Build.0 = Release|Any CPU
		{8161B5B7-67B7-4F2D-843A-DA6159210F5D}.Debug|Any CPU.ActiveCfg = Debug|Any CPU
		{8161B5B7-67B7-4F2D-843A-DA6159210F5D}.Debug|Any CPU.Build.0 = Debug|Any CPU
		{8161B5B7-67B7-4F2D-843A-DA6159210F5D}.Release|Any CPU.ActiveCfg = Release|Any CPU
		{8161B5B7-67B7-4F2D-843A-DA6159210F5D}.Release|Any CPU.Build.0 = Release|Any CPU
		{E2016D77-D016-4077-A7B1-F32FEFA6DD65}.Debug|Any CPU.ActiveCfg = Debug|Any CPU
		{E2016D77-D016-4077-A7B1-F32FEFA6DD65}.Debug|Any CPU.Build.0 = Debug|Any CPU
		{E2016D77-D016-4077-A7B1-F32FEFA6DD65}.Release|Any CPU.ActiveCfg = Release|Any CPU
		{E2016D77-D016-4077-A7B1-F32FEFA6DD65}.Release|Any CPU.Build.0 = Release|Any CPU
		{A57929E9-3FD7-485D-BE0E-A03A63FF4152}.Debug|Any CPU.ActiveCfg = Debug|Any CPU
		{A57929E9-3FD7-485D-BE0E-A03A63FF4152}.Debug|Any CPU.Build.0 = Debug|Any CPU
		{A57929E9-3FD7-485D-BE0E-A03A63FF4152}.Release|Any CPU.ActiveCfg = Release|Any CPU
		{A57929E9-3FD7-485D-BE0E-A03A63FF4152}.Release|Any CPU.Build.0 = Release|Any CPU
		{55FED511-5D67-451C-A530-11DDC337E413}.Debug|Any CPU.ActiveCfg = Debug|Any CPU
		{55FED511-5D67-451C-A530-11DDC337E413}.Debug|Any CPU.Build.0 = Debug|Any CPU
		{55FED511-5D67-451C-A530-11DDC337E413}.Release|Any CPU.ActiveCfg = Release|Any CPU
		{55FED511-5D67-451C-A530-11DDC337E413}.Release|Any CPU.Build.0 = Release|Any CPU
		{57B08B97-FBCA-4D9F-ABF0-C8EF1F5151FD}.Debug|Any CPU.ActiveCfg = Debug|Any CPU
		{57B08B97-FBCA-4D9F-ABF0-C8EF1F5151FD}.Debug|Any CPU.Build.0 = Debug|Any CPU
		{57B08B97-FBCA-4D9F-ABF0-C8EF1F5151FD}.Release|Any CPU.ActiveCfg = Release|Any CPU
		{57B08B97-FBCA-4D9F-ABF0-C8EF1F5151FD}.Release|Any CPU.Build.0 = Release|Any CPU
		{1C7F2D32-BDF9-4093-BD29-B3FBAB43976A}.Debug|Any CPU.ActiveCfg = Debug|Any CPU
		{1C7F2D32-BDF9-4093-BD29-B3FBAB43976A}.Debug|Any CPU.Build.0 = Debug|Any CPU
		{1C7F2D32-BDF9-4093-BD29-B3FBAB43976A}.Release|Any CPU.ActiveCfg = Release|Any CPU
		{1C7F2D32-BDF9-4093-BD29-B3FBAB43976A}.Release|Any CPU.Build.0 = Release|Any CPU
		{79A95516-91BA-4788-BB09-1F144B31A6D2}.Debug|Any CPU.ActiveCfg = Debug|Any CPU
		{79A95516-91BA-4788-BB09-1F144B31A6D2}.Debug|Any CPU.Build.0 = Debug|Any CPU
		{79A95516-91BA-4788-BB09-1F144B31A6D2}.Release|Any CPU.ActiveCfg = Release|Any CPU
		{79A95516-91BA-4788-BB09-1F144B31A6D2}.Release|Any CPU.Build.0 = Release|Any CPU
	EndGlobalSection
	GlobalSection(SolutionProperties) = preSolution
		HideSolutionNode = FALSE
	EndGlobalSection
	GlobalSection(NestedProjects) = preSolution
		{01218195-C6B4-4DF3-95AA-3E38E887C1A1} = {6782FDC2-2418-4678-A105-5528E51C1C7C}
		{D34A65A5-D911-448E-A7AF-7B26F97C7BB5} = {6782FDC2-2418-4678-A105-5528E51C1C7C}
		{479D2124-3391-4E97-996E-FA4A190BFB81} = {6782FDC2-2418-4678-A105-5528E51C1C7C}
		{F7E0BC04-95BE-4BB7-BC54-BAC0089721D3} = {6782FDC2-2418-4678-A105-5528E51C1C7C}
		{F91EE796-DE5A-4195-9882-BF7ACA724499} = {5C085C7A-729E-44F4-B344-C8870A081D34}
		{12D78A70-21CD-4B26-81C9-C2DFF23A21C0} = {F91EE796-DE5A-4195-9882-BF7ACA724499}
		{00E07035-ACAC-46C4-91BE-A1A0F93F2BCF} = {F91EE796-DE5A-4195-9882-BF7ACA724499}
		{39367131-29C5-4A1D-945D-ADCCF149C603} = {F91EE796-DE5A-4195-9882-BF7ACA724499}
		{8161B5B7-67B7-4F2D-843A-DA6159210F5D} = {F91EE796-DE5A-4195-9882-BF7ACA724499}
		{0A5C852C-9BEB-402B-9F41-26331563758A} = {5C085C7A-729E-44F4-B344-C8870A081D34}
		{E2016D77-D016-4077-A7B1-F32FEFA6DD65} = {0A5C852C-9BEB-402B-9F41-26331563758A}
		{A57929E9-3FD7-485D-BE0E-A03A63FF4152} = {0A5C852C-9BEB-402B-9F41-26331563758A}
		{55FED511-5D67-451C-A530-11DDC337E413} = {0A5C852C-9BEB-402B-9F41-26331563758A}
		{57B08B97-FBCA-4D9F-ABF0-C8EF1F5151FD} = {0A5C852C-9BEB-402B-9F41-26331563758A}
		{1C7F2D32-BDF9-4093-BD29-B3FBAB43976A} = {6782FDC2-2418-4678-A105-5528E51C1C7C}
		{79A95516-91BA-4788-BB09-1F144B31A6D2} = {6782FDC2-2418-4678-A105-5528E51C1C7C}
	EndGlobalSection
EndGlobal
